
Microsoft Visual Studio Solution File, Format Version 12.00
# Visual Studio Version 17
VisualStudioVersion = 17.5.33209.295
MinimumVisualStudioVersion = 10.0.40219.1
Project("{9A19103F-16F7-4668-BE54-9A1E7A4F7556}") = "Nmap.NET", "Nmap.NET\Nmap.NET.csproj", "{718DBA7E-6513-4165-B3D6-9815B4083BAE}"
EndProject
Project("{2150E333-8FDC-42A3-9474-1A3956D46DE8}") = "Solution Items", "Solution Items", "{A34CEBAD-4DD4-42B8-8C9E-A24302CA66F4}"
	ProjectSection(SolutionItems) = preProject
		Local.testsettings = Local.testsettings
		Nmap.NET.vsmdi = Nmap.NET.vsmdi
		TraceAndTestImpact.testsettings = TraceAndTestImpact.testsettings
	EndProjectSection
EndProject
Project("{9A19103F-16F7-4668-BE54-9A1E7A4F7556}") = "Nmap.NET.Demo", "Nmap.NET.Demo\Nmap.NET.Demo.csproj", "{EC00E81E-528F-4A71-9C3E-EC357605F107}"
EndProject
Project("{9A19103F-16F7-4668-BE54-9A1E7A4F7556}") = "Nmap.NET.Test", "Nmap.NET.Test\Nmap.NET.Test.csproj", "{0DA9EB08-14BA-4178-82D6-770C4B850A06}"
EndProject
Global
	GlobalSection(SolutionConfigurationPlatforms) = preSolution
		Debug|Any CPU = Debug|Any CPU
		Debug|Mixed Platforms = Debug|Mixed Platforms
		Debug|x86 = Debug|x86
		Release|Any CPU = Release|Any CPU
		Release|Mixed Platforms = Release|Mixed Platforms
		Release|x86 = Release|x86
	EndGlobalSection
	GlobalSection(ProjectConfigurationPlatforms) = postSolution
		{718DBA7E-6513-4165-B3D6-9815B4083BAE}.Debug|Any CPU.ActiveCfg = Debug|Any CPU
		{718DBA7E-6513-4165-B3D6-9815B4083BAE}.Debug|Any CPU.Build.0 = Debug|Any CPU
		{718DBA7E-6513-4165-B3D6-9815B4083BAE}.Debug|Mixed Platforms.ActiveCfg = Debug|Any CPU
		{718DBA7E-6513-4165-B3D6-9815B4083BAE}.Debug|Mixed Platforms.Build.0 = Debug|Any CPU
		{718DBA7E-6513-4165-B3D6-9815B4083BAE}.Debug|x86.ActiveCfg = Debug|Any CPU
		{718DBA7E-6513-4165-B3D6-9815B4083BAE}.Release|Any CPU.ActiveCfg = Release|Any CPU
		{718DBA7E-6513-4165-B3D6-9815B4083BAE}.Release|Any CPU.Build.0 = Release|Any CPU
		{718DBA7E-6513-4165-B3D6-9815B4083BAE}.Release|Mixed Platforms.ActiveCfg = Release|Any CPU
		{718DBA7E-6513-4165-B3D6-9815B4083BAE}.Release|Mixed Platforms.Build.0 = Release|Any CPU
		{718DBA7E-6513-4165-B3D6-9815B4083BAE}.Release|x86.ActiveCfg = Release|Any CPU
		{EC00E81E-528F-4A71-9C3E-EC357605F107}.Debug|Any CPU.ActiveCfg = Debug|Any CPU
		{EC00E81E-528F-4A71-9C3E-EC357605F107}.Debug|Mixed Platforms.ActiveCfg = Debug|Any CPU
		{EC00E81E-528F-4A71-9C3E-EC357605F107}.Debug|Mixed Platforms.Build.0 = Debug|Any CPU
		{EC00E81E-528F-4A71-9C3E-EC357605F107}.Debug|x86.ActiveCfg = Debug|x86
		{EC00E81E-528F-4A71-9C3E-EC357605F107}.Debug|x86.Build.0 = Debug|x86
		{EC00E81E-528F-4A71-9C3E-EC357605F107}.Release|Any CPU.ActiveCfg = Release|x86
		{EC00E81E-528F-4A71-9C3E-EC357605F107}.Release|Mixed Platforms.ActiveCfg = Release|Any CPU
		{EC00E81E-528F-4A71-9C3E-EC357605F107}.Release|Mixed Platforms.Build.0 = Release|Any CPU
		{EC00E81E-528F-4A71-9C3E-EC357605F107}.Release|x86.ActiveCfg = Release|x86
		{EC00E81E-528F-4A71-9C3E-EC357605F107}.Release|x86.Build.0 = Release|x86
		{0DA9EB08-14BA-4178-82D6-770C4B850A06}.Debug|Any CPU.ActiveCfg = Debug|Any CPU
		{0DA9EB08-14BA-4178-82D6-770C4B850A06}.Debug|Any CPU.Build.0 = Debug|Any CPU
		{0DA9EB08-14BA-4178-82D6-770C4B850A06}.Debug|Mixed Platforms.ActiveCfg = Debug|Any CPU
		{0DA9EB08-14BA-4178-82D6-770C4B850A06}.Debug|Mixed Platforms.Build.0 = Debug|Any CPU
		{0DA9EB08-14BA-4178-82D6-770C4B850A06}.Debug|x86.ActiveCfg = Debug|Any CPU
		{0DA9EB08-14BA-4178-82D6-770C4B850A06}.Debug|x86.Build.0 = Debug|Any CPU
		{0DA9EB08-14BA-4178-82D6-770C4B850A06}.Release|Any CPU.ActiveCfg = Release|Any CPU
		{0DA9EB08-14BA-4178-82D6-770C4B850A06}.Release|Any CPU.Build.0 = Release|Any CPU
		{0DA9EB08-14BA-4178-82D6-770C4B850A06}.Release|Mixed Platforms.ActiveCfg = Release|Any CPU
		{0DA9EB08-14BA-4178-82D6-770C4B850A06}.Release|Mixed Platforms.Build.0 = Release|Any CPU
		{0DA9EB08-14BA-4178-82D6-770C4B850A06}.Release|x86.ActiveCfg = Release|Any CPU
		{0DA9EB08-14BA-4178-82D6-770C4B850A06}.Release|x86.Build.0 = Release|Any CPU
	EndGlobalSection
	GlobalSection(SolutionProperties) = preSolution
		HideSolutionNode = FALSE
	EndGlobalSection
	GlobalSection(TestCaseManagementSettings) = postSolution
		CategoryFile = Nmap.NET.vsmdi
	EndGlobalSection
EndGlobal
